// !$*UTF8*$!
{
	archiveVersion = 1;
	classes = {
	};
	objectVersion = 56;
	objects = {

/* Begin PBXBuildFile section */
		0E709D03FC964B0EC8E95337 /* Pods_Project_Helper.framework in Frameworks */ = {isa = PBXBuildFile; fileRef = 3593913159301C8A4BAC1A02 /* Pods_Project_Helper.framework */; };
		22B20017131319AACC5F4FCB /* libPods-Project-HelperUITests.a in Frameworks */ = {isa = PBXBuildFile; fileRef = 68B9F320BF54422207AD46C3 /* libPods-Project-HelperUITests.a */; };
		9B09B3F82A6EBEF6002B4DA3 /* FoucsedBackground.swift in Sources */ = {isa = PBXBuildFile; fileRef = 9B09B3F72A6EBEF6002B4DA3 /* FoucsedBackground.swift */; };
		9B09B3FD2A6EDBB4002B4DA3 /* QuaterCircle.swift in Sources */ = {isa = PBXBuildFile; fileRef = 9B09B3FC2A6EDBB4002B4DA3 /* QuaterCircle.swift */; };
		9B30AA572A7369C200A8A1FD /* EmailScreenController.swift in Sources */ = {isa = PBXBuildFile; fileRef = 9B30AA562A7369C200A8A1FD /* EmailScreenController.swift */; };
		9B30AA5C2A73715100A8A1FD /* FirstScreen.swift in Sources */ = {isa = PBXBuildFile; fileRef = 9B30AA5B2A73715100A8A1FD /* FirstScreen.swift */; };
		9B58839D2A6CFE4300A450B8 /* MainLoginScreen.swift in Sources */ = {isa = PBXBuildFile; fileRef = 9B58839C2A6CFE4300A450B8 /* MainLoginScreen.swift */; };
		9B58839F2A6CFE6200A450B8 /* EnterEmailScreen.swift in Sources */ = {isa = PBXBuildFile; fileRef = 9B58839E2A6CFE6200A450B8 /* EnterEmailScreen.swift */; };
		9B6357372A794B9A00098F98 /* BlackHanSans-Regular.ttf in Resources */ = {isa = PBXBuildFile; fileRef = 9B6357362A794B9A00098F98 /* BlackHanSans-Regular.ttf */; };
		9B63573B2A794BB000098F98 /* Rowdies-Bold.ttf in Resources */ = {isa = PBXBuildFile; fileRef = 9B6357382A794BB000098F98 /* Rowdies-Bold.ttf */; };
		9B63573C2A794BB000098F98 /* Rowdies-Light.ttf in Resources */ = {isa = PBXBuildFile; fileRef = 9B6357392A794BB000098F98 /* Rowdies-Light.ttf */; };
		9B63573D2A794BB000098F98 /* Rowdies-Regular.ttf in Resources */ = {isa = PBXBuildFile; fileRef = 9B63573A2A794BB000098F98 /* Rowdies-Regular.ttf */; };
		9B864F7E2A6AE857002E7C31 /* LoginManager.swift in Sources */ = {isa = PBXBuildFile; fileRef = 9B864F7D2A6AE857002E7C31 /* LoginManager.swift */; };
		9B88A3A32A6F74AB0061A182 /* GlobalExtension.swift in Sources */ = {isa = PBXBuildFile; fileRef = 9B88A3A22A6F74AB0061A182 /* GlobalExtension.swift */; };
		9B88A3AC2A718B450061A182 /* GoogleService-Info.plist in Resources */ = {isa = PBXBuildFile; fileRef = 9B88A3AB2A718B450061A182 /* GoogleService-Info.plist */; };
		9BC5A52C2A780B8B008B7EAA /* FSTitleView.swift in Sources */ = {isa = PBXBuildFile; fileRef = 9BC5A52B2A780B8B008B7EAA /* FSTitleView.swift */; };
		9BC5A52E2A780DAC008B7EAA /* FSLoginOptionView.swift in Sources */ = {isa = PBXBuildFile; fileRef = 9BC5A52D2A780DAC008B7EAA /* FSLoginOptionView.swift */; };
		9BD70AD62A7ABC4300CA1D6E /* GlobalView.swift in Sources */ = {isa = PBXBuildFile; fileRef = 9BD70AD52A7ABC4300CA1D6E /* GlobalView.swift */; };
		9BEB53982A61777400444D37 /* Project_HelperApp.swift in Sources */ = {isa = PBXBuildFile; fileRef = 9BEB53972A61777400444D37 /* Project_HelperApp.swift */; };
		9BEB539A2A61777400444D37 /* ContentView.swift in Sources */ = {isa = PBXBuildFile; fileRef = 9BEB53992A61777400444D37 /* ContentView.swift */; };
		9BEB539C2A61777600444D37 /* Assets.xcassets in Resources */ = {isa = PBXBuildFile; fileRef = 9BEB539B2A61777600444D37 /* Assets.xcassets */; };
		9BEB539F2A61777600444D37 /* Preview Assets.xcassets in Resources */ = {isa = PBXBuildFile; fileRef = 9BEB539E2A61777600444D37 /* Preview Assets.xcassets */; };
		9BEB53A92A61777600444D37 /* Project_HelperTests.swift in Sources */ = {isa = PBXBuildFile; fileRef = 9BEB53A82A61777600444D37 /* Project_HelperTests.swift */; };
		9BEB53B32A61777600444D37 /* Project_HelperUITests.swift in Sources */ = {isa = PBXBuildFile; fileRef = 9BEB53B22A61777600444D37 /* Project_HelperUITests.swift */; };
		9BEB53B52A61777600444D37 /* Project_HelperUITestsLaunchTests.swift in Sources */ = {isa = PBXBuildFile; fileRef = 9BEB53B42A61777600444D37 /* Project_HelperUITestsLaunchTests.swift */; };
		9F0481D9F6606649E7853BA7 /* libPods-Project-HelperTests.a in Frameworks */ = {isa = PBXBuildFile; fileRef = 8F1C6C3B322CDB39F57BAEE9 /* libPods-Project-HelperTests.a */; };
/* End PBXBuildFile section */

/* Begin PBXContainerItemProxy section */
		9BEB53A52A61777600444D37 /* PBXContainerItemProxy */ = {
			isa = PBXContainerItemProxy;
			containerPortal = 9BEB538C2A61777400444D37 /* Project object */;
			proxyType = 1;
			remoteGlobalIDString = 9BEB53932A61777400444D37;
			remoteInfo = "Project-Helper";
		};
		9BEB53AF2A61777600444D37 /* PBXContainerItemProxy */ = {
			isa = PBXContainerItemProxy;
			containerPortal = 9BEB538C2A61777400444D37 /* Project object */;
			proxyType = 1;
			remoteGlobalIDString = 9BEB53932A61777400444D37;
			remoteInfo = "Project-Helper";
		};
/* End PBXContainerItemProxy section */

/* Begin PBXFileReference section */
		3593913159301C8A4BAC1A02 /* Pods_Project_Helper.framework */ = {isa = PBXFileReference; explicitFileType = wrapper.framework; includeInIndex = 0; path = Pods_Project_Helper.framework; sourceTree = BUILT_PRODUCTS_DIR; };
		68B9F320BF54422207AD46C3 /* libPods-Project-HelperUITests.a */ = {isa = PBXFileReference; explicitFileType = archive.ar; includeInIndex = 0; path = "libPods-Project-HelperUITests.a"; sourceTree = BUILT_PRODUCTS_DIR; };
		6972A8C1BC9C3A200AD6D0FC /* Pods-Project-HelperTests.release.xcconfig */ = {isa = PBXFileReference; includeInIndex = 1; lastKnownFileType = text.xcconfig; name = "Pods-Project-HelperTests.release.xcconfig"; path = "Target Support Files/Pods-Project-HelperTests/Pods-Project-HelperTests.release.xcconfig"; sourceTree = "<group>"; };
		6B0AC59C79890FCC13C11FB6 /* Pods-Project-Helper.release.xcconfig */ = {isa = PBXFileReference; includeInIndex = 1; lastKnownFileType = text.xcconfig; name = "Pods-Project-Helper.release.xcconfig"; path = "Target Support Files/Pods-Project-Helper/Pods-Project-Helper.release.xcconfig"; sourceTree = "<group>"; };
		6D12BF9E070D271F80F83AF8 /* Pods-Project-Helper.debug.xcconfig */ = {isa = PBXFileReference; includeInIndex = 1; lastKnownFileType = text.xcconfig; name = "Pods-Project-Helper.debug.xcconfig"; path = "Target Support Files/Pods-Project-Helper/Pods-Project-Helper.debug.xcconfig"; sourceTree = "<group>"; };
		8A1CB5D3039139C7CC4CED15 /* Pods-Project-HelperUITests.debug.xcconfig */ = {isa = PBXFileReference; includeInIndex = 1; lastKnownFileType = text.xcconfig; name = "Pods-Project-HelperUITests.debug.xcconfig"; path = "Target Support Files/Pods-Project-HelperUITests/Pods-Project-HelperUITests.debug.xcconfig"; sourceTree = "<group>"; };
		8F1C6C3B322CDB39F57BAEE9 /* libPods-Project-HelperTests.a */ = {isa = PBXFileReference; explicitFileType = archive.ar; includeInIndex = 0; path = "libPods-Project-HelperTests.a"; sourceTree = BUILT_PRODUCTS_DIR; };
		9B09B3F72A6EBEF6002B4DA3 /* FoucsedBackground.swift */ = {isa = PBXFileReference; lastKnownFileType = sourcecode.swift; path = FoucsedBackground.swift; sourceTree = "<group>"; };
		9B09B3FC2A6EDBB4002B4DA3 /* QuaterCircle.swift */ = {isa = PBXFileReference; lastKnownFileType = sourcecode.swift; path = QuaterCircle.swift; sourceTree = "<group>"; };
		9B30AA562A7369C200A8A1FD /* EmailScreenController.swift */ = {isa = PBXFileReference; lastKnownFileType = sourcecode.swift; path = EmailScreenController.swift; sourceTree = "<group>"; };
		9B30AA5B2A73715100A8A1FD /* FirstScreen.swift */ = {isa = PBXFileReference; lastKnownFileType = sourcecode.swift; path = FirstScreen.swift; sourceTree = "<group>"; };
		9B5883962A6CFD3200A450B8 /* Project-Helper.entitlements */ = {isa = PBXFileReference; lastKnownFileType = text.plist.entitlements; path = "Project-Helper.entitlements"; sourceTree = "<group>"; };
		9B58839C2A6CFE4300A450B8 /* MainLoginScreen.swift */ = {isa = PBXFileReference; lastKnownFileType = sourcecode.swift; path = MainLoginScreen.swift; sourceTree = "<group>"; };
		9B58839E2A6CFE6200A450B8 /* EnterEmailScreen.swift */ = {isa = PBXFileReference; lastKnownFileType = sourcecode.swift; path = EnterEmailScreen.swift; sourceTree = "<group>"; };
		9B6357362A794B9A00098F98 /* BlackHanSans-Regular.ttf */ = {isa = PBXFileReference; lastKnownFileType = file; name = "BlackHanSans-Regular.ttf"; path = "../../../../../Documents/Font file/Black_Han_Sans/BlackHanSans-Regular.ttf"; sourceTree = "<group>"; };
		9B6357382A794BB000098F98 /* Rowdies-Bold.ttf */ = {isa = PBXFileReference; lastKnownFileType = file; name = "Rowdies-Bold.ttf"; path = "../../../../../Documents/Font file/Rowdies/Rowdies-Bold.ttf"; sourceTree = "<group>"; };
		9B6357392A794BB000098F98 /* Rowdies-Light.ttf */ = {isa = PBXFileReference; lastKnownFileType = file; name = "Rowdies-Light.ttf"; path = "../../../../../Documents/Font file/Rowdies/Rowdies-Light.ttf"; sourceTree = "<group>"; };
		9B63573A2A794BB000098F98 /* Rowdies-Regular.ttf */ = {isa = PBXFileReference; lastKnownFileType = file; name = "Rowdies-Regular.ttf"; path = "../../../../../Documents/Font file/Rowdies/Rowdies-Regular.ttf"; sourceTree = "<group>"; };
		9B864F7D2A6AE857002E7C31 /* LoginManager.swift */ = {isa = PBXFileReference; lastKnownFileType = sourcecode.swift; path = LoginManager.swift; sourceTree = "<group>"; };
		9B864F7F2A6AEDE0002E7C31 /* Info.plist */ = {isa = PBXFileReference; lastKnownFileType = text.plist; path = Info.plist; sourceTree = "<group>"; };
		9B88A3A22A6F74AB0061A182 /* GlobalExtension.swift */ = {isa = PBXFileReference; lastKnownFileType = sourcecode.swift; path = GlobalExtension.swift; sourceTree = "<group>"; };
		9B88A3AB2A718B450061A182 /* GoogleService-Info.plist */ = {isa = PBXFileReference; fileEncoding = 4; lastKnownFileType = text.plist.xml; name = "GoogleService-Info.plist"; path = "../../../../Downloads/GoogleService-Info.plist"; sourceTree = "<group>"; };
		9BC5A52B2A780B8B008B7EAA /* FSTitleView.swift */ = {isa = PBXFileReference; lastKnownFileType = sourcecode.swift; path = FSTitleView.swift; sourceTree = "<group>"; };
		9BC5A52D2A780DAC008B7EAA /* FSLoginOptionView.swift */ = {isa = PBXFileReference; lastKnownFileType = sourcecode.swift; path = FSLoginOptionView.swift; sourceTree = "<group>"; };
		9BD70AD52A7ABC4300CA1D6E /* GlobalView.swift */ = {isa = PBXFileReference; lastKnownFileType = sourcecode.swift; path = GlobalView.swift; sourceTree = "<group>"; };
		9BEB53942A61777400444D37 /* Project-Helper.app */ = {isa = PBXFileReference; explicitFileType = wrapper.application; includeInIndex = 0; path = "Project-Helper.app"; sourceTree = BUILT_PRODUCTS_DIR; };
		9BEB53972A61777400444D37 /* Project_HelperApp.swift */ = {isa = PBXFileReference; lastKnownFileType = sourcecode.swift; path = Project_HelperApp.swift; sourceTree = "<group>"; };
		9BEB53992A61777400444D37 /* ContentView.swift */ = {isa = PBXFileReference; lastKnownFileType = sourcecode.swift; path = ContentView.swift; sourceTree = "<group>"; };
		9BEB539B2A61777600444D37 /* Assets.xcassets */ = {isa = PBXFileReference; lastKnownFileType = folder.assetcatalog; path = Assets.xcassets; sourceTree = "<group>"; };
		9BEB539E2A61777600444D37 /* Preview Assets.xcassets */ = {isa = PBXFileReference; lastKnownFileType = folder.assetcatalog; path = "Preview Assets.xcassets"; sourceTree = "<group>"; };
		9BEB53A42A61777600444D37 /* Project-HelperTests.xctest */ = {isa = PBXFileReference; explicitFileType = wrapper.cfbundle; includeInIndex = 0; path = "Project-HelperTests.xctest"; sourceTree = BUILT_PRODUCTS_DIR; };
		9BEB53A82A61777600444D37 /* Project_HelperTests.swift */ = {isa = PBXFileReference; lastKnownFileType = sourcecode.swift; path = Project_HelperTests.swift; sourceTree = "<group>"; };
		9BEB53AE2A61777600444D37 /* Project-HelperUITests.xctest */ = {isa = PBXFileReference; explicitFileType = wrapper.cfbundle; includeInIndex = 0; path = "Project-HelperUITests.xctest"; sourceTree = BUILT_PRODUCTS_DIR; };
		9BEB53B22A61777600444D37 /* Project_HelperUITests.swift */ = {isa = PBXFileReference; lastKnownFileType = sourcecode.swift; path = Project_HelperUITests.swift; sourceTree = "<group>"; };
		9BEB53B42A61777600444D37 /* Project_HelperUITestsLaunchTests.swift */ = {isa = PBXFileReference; lastKnownFileType = sourcecode.swift; path = Project_HelperUITestsLaunchTests.swift; sourceTree = "<group>"; };
		D0E1ECB828B98449590B15D1 /* Pods-Project-HelperTests.debug.xcconfig */ = {isa = PBXFileReference; includeInIndex = 1; lastKnownFileType = text.xcconfig; name = "Pods-Project-HelperTests.debug.xcconfig"; path = "Target Support Files/Pods-Project-HelperTests/Pods-Project-HelperTests.debug.xcconfig"; sourceTree = "<group>"; };
		FA6E7A6027F9689227171C31 /* Pods-Project-HelperUITests.release.xcconfig */ = {isa = PBXFileReference; includeInIndex = 1; lastKnownFileType = text.xcconfig; name = "Pods-Project-HelperUITests.release.xcconfig"; path = "Target Support Files/Pods-Project-HelperUITests/Pods-Project-HelperUITests.release.xcconfig"; sourceTree = "<group>"; };
/* End PBXFileReference section */

/* Begin PBXFrameworksBuildPhase section */
		9BEB53912A61777400444D37 /* Frameworks */ = {
			isa = PBXFrameworksBuildPhase;
			buildActionMask = 2147483647;
			files = (
				0E709D03FC964B0EC8E95337 /* Pods_Project_Helper.framework in Frameworks */,
			);
			runOnlyForDeploymentPostprocessing = 0;
		};
		9BEB53A12A61777600444D37 /* Frameworks */ = {
			isa = PBXFrameworksBuildPhase;
			buildActionMask = 2147483647;
			files = (
				9F0481D9F6606649E7853BA7 /* libPods-Project-HelperTests.a in Frameworks */,
			);
			runOnlyForDeploymentPostprocessing = 0;
		};
		9BEB53AB2A61777600444D37 /* Frameworks */ = {
			isa = PBXFrameworksBuildPhase;
			buildActionMask = 2147483647;
			files = (
				22B20017131319AACC5F4FCB /* libPods-Project-HelperUITests.a in Frameworks */,
			);
			runOnlyForDeploymentPostprocessing = 0;
		};
/* End PBXFrameworksBuildPhase section */

/* Begin PBXGroup section */
		4CBE1C424A4F59ADFE94B027 /* Frameworks */ = {
			isa = PBXGroup;
			children = (
				3593913159301C8A4BAC1A02 /* Pods_Project_Helper.framework */,
				8F1C6C3B322CDB39F57BAEE9 /* libPods-Project-HelperTests.a */,
				68B9F320BF54422207AD46C3 /* libPods-Project-HelperUITests.a */,
			);
			name = Frameworks;
			sourceTree = "<group>";
		};
		50D8662E34EA064105D2DA46 /* Pods */ = {
			isa = PBXGroup;
			children = (
				6D12BF9E070D271F80F83AF8 /* Pods-Project-Helper.debug.xcconfig */,
				6B0AC59C79890FCC13C11FB6 /* Pods-Project-Helper.release.xcconfig */,
				D0E1ECB828B98449590B15D1 /* Pods-Project-HelperTests.debug.xcconfig */,
				6972A8C1BC9C3A200AD6D0FC /* Pods-Project-HelperTests.release.xcconfig */,
				8A1CB5D3039139C7CC4CED15 /* Pods-Project-HelperUITests.debug.xcconfig */,
				FA6E7A6027F9689227171C31 /* Pods-Project-HelperUITests.release.xcconfig */,
			);
			path = Pods;
			sourceTree = "<group>";
		};
		9B09B3F92A6ED07E002B4DA3 /* CustomShape */ = {
			isa = PBXGroup;
			children = (
				9B09B3FC2A6EDBB4002B4DA3 /* QuaterCircle.swift */,
			);
			path = CustomShape;
			sourceTree = "<group>";
		};
		9B30AA552A7369AB00A8A1FD /* Controller */ = {
			isa = PBXGroup;
			children = (
				9B30AA562A7369C200A8A1FD /* EmailScreenController.swift */,
			);
			path = Controller;
			sourceTree = "<group>";
		};
		9B30AA582A73711F00A8A1FD /* FirstScreen */ = {
			isa = PBXGroup;
			children = (
				9B30AA5A2A73712D00A8A1FD /* Controller */,
				9B30AA592A73712800A8A1FD /* View */,
				9B30AA5B2A73715100A8A1FD /* FirstScreen.swift */,
			);
			path = FirstScreen;
			sourceTree = "<group>";
		};
		9B30AA592A73712800A8A1FD /* View */ = {
			isa = PBXGroup;
			children = (
				9BC5A52B2A780B8B008B7EAA /* FSTitleView.swift */,
				9BC5A52D2A780DAC008B7EAA /* FSLoginOptionView.swift */,
			);
			path = View;
			sourceTree = "<group>";
		};
		9B30AA5A2A73712D00A8A1FD /* Controller */ = {
			isa = PBXGroup;
			children = (
			);
			path = Controller;
			sourceTree = "<group>";
		};
		9B5883972A6CFDCC00A450B8 /* Screen */ = {
			isa = PBXGroup;
			children = (
				9B30AA582A73711F00A8A1FD /* FirstScreen */,
				9B5883982A6CFDE900A450B8 /* LoginScreen */,
			);
			path = Screen;
			sourceTree = "<group>";
		};
		9B5883982A6CFDE900A450B8 /* LoginScreen */ = {
			isa = PBXGroup;
			children = (
				9B30AA552A7369AB00A8A1FD /* Controller */,
				9B58839B2A6CFE0300A450B8 /* View */,
				9B58839C2A6CFE4300A450B8 /* MainLoginScreen.swift */,
				9B58839E2A6CFE6200A450B8 /* EnterEmailScreen.swift */,
			);
			path = LoginScreen;
			sourceTree = "<group>";
		};
		9B58839B2A6CFE0300A450B8 /* View */ = {
			isa = PBXGroup;
			children = (
				9B09B3F92A6ED07E002B4DA3 /* CustomShape */,
				9B09B3F72A6EBEF6002B4DA3 /* FoucsedBackground.swift */,
			);
			path = View;
			sourceTree = "<group>";
		};
		9B6357352A794B7D00098F98 /* Fonts */ = {
			isa = PBXGroup;
			children = (
				9B6357382A794BB000098F98 /* Rowdies-Bold.ttf */,
				9B6357392A794BB000098F98 /* Rowdies-Light.ttf */,
				9B63573A2A794BB000098F98 /* Rowdies-Regular.ttf */,
				9B6357362A794B9A00098F98 /* BlackHanSans-Regular.ttf */,
			);
			path = Fonts;
			sourceTree = "<group>";
		};
		9B864F7C2A6AE83F002E7C31 /* Service */ = {
			isa = PBXGroup;
			children = (
				9B864F7D2A6AE857002E7C31 /* LoginManager.swift */,
			);
			path = Service;
			sourceTree = "<group>";
		};
		9B88A3A12A6F747F0061A182 /* State */ = {
			isa = PBXGroup;
			children = (
				9B88A3A22A6F74AB0061A182 /* GlobalExtension.swift */,
				9BD70AD52A7ABC4300CA1D6E /* GlobalView.swift */,
			);
			path = State;
			sourceTree = "<group>";
		};
		9BEB538B2A61777400444D37 = {
			isa = PBXGroup;
			children = (
				9BEB53962A61777400444D37 /* Project-Helper */,
				9BEB53A72A61777600444D37 /* Project-HelperTests */,
				9BEB53B12A61777600444D37 /* Project-HelperUITests */,
				9BEB53952A61777400444D37 /* Products */,
				50D8662E34EA064105D2DA46 /* Pods */,
				4CBE1C424A4F59ADFE94B027 /* Frameworks */,
			);
			sourceTree = "<group>";
		};
		9BEB53952A61777400444D37 /* Products */ = {
			isa = PBXGroup;
			children = (
				9BEB53942A61777400444D37 /* Project-Helper.app */,
				9BEB53A42A61777600444D37 /* Project-HelperTests.xctest */,
				9BEB53AE2A61777600444D37 /* Project-HelperUITests.xctest */,
			);
			name = Products;
			sourceTree = "<group>";
		};
		9BEB53962A61777400444D37 /* Project-Helper */ = {
			isa = PBXGroup;
			children = (
				9B88A3AB2A718B450061A182 /* GoogleService-Info.plist */,
				9B5883962A6CFD3200A450B8 /* Project-Helper.entitlements */,
				9B864F7F2A6AEDE0002E7C31 /* Info.plist */,
				9B88A3A12A6F747F0061A182 /* State */,
				9B864F7C2A6AE83F002E7C31 /* Service */,
				9B5883972A6CFDCC00A450B8 /* Screen */,
				9BEB53972A61777400444D37 /* Project_HelperApp.swift */,
				9BEB53992A61777400444D37 /* ContentView.swift */,
				9BEB539B2A61777600444D37 /* Assets.xcassets */,
				9B6357352A794B7D00098F98 /* Fonts */,
				9BEB539D2A61777600444D37 /* Preview Content */,
			);
			path = "Project-Helper";
			sourceTree = "<group>";
		};
		9BEB539D2A61777600444D37 /* Preview Content */ = {
			isa = PBXGroup;
			children = (
				9BEB539E2A61777600444D37 /* Preview Assets.xcassets */,
			);
			path = "Preview Content";
			sourceTree = "<group>";
		};
		9BEB53A72A61777600444D37 /* Project-HelperTests */ = {
			isa = PBXGroup;
			children = (
				9BEB53A82A61777600444D37 /* Project_HelperTests.swift */,
			);
			path = "Project-HelperTests";
			sourceTree = "<group>";
		};
		9BEB53B12A61777600444D37 /* Project-HelperUITests */ = {
			isa = PBXGroup;
			children = (
				9BEB53B22A61777600444D37 /* Project_HelperUITests.swift */,
				9BEB53B42A61777600444D37 /* Project_HelperUITestsLaunchTests.swift */,
			);
			path = "Project-HelperUITests";
			sourceTree = "<group>";
		};
/* End PBXGroup section */

/* Begin PBXNativeTarget section */
		9BEB53932A61777400444D37 /* Project-Helper */ = {
			isa = PBXNativeTarget;
			buildConfigurationList = 9BEB53B82A61777600444D37 /* Build configuration list for PBXNativeTarget "Project-Helper" */;
			buildPhases = (
				C40AB8894BBAEA4B7E8871D4 /* [CP] Check Pods Manifest.lock */,
				9BEB53902A61777400444D37 /* Sources */,
				9BEB53912A61777400444D37 /* Frameworks */,
				9BEB53922A61777400444D37 /* Resources */,
				AB4AAE827299BFFA010E3C44 /* [CP] Embed Pods Frameworks */,
			);
			buildRules = (
			);
			dependencies = (
			);
			name = "Project-Helper";
			productName = "Project-Helper";
			productReference = 9BEB53942A61777400444D37 /* Project-Helper.app */;
			productType = "com.apple.product-type.application";
		};
		9BEB53A32A61777600444D37 /* Project-HelperTests */ = {
			isa = PBXNativeTarget;
			buildConfigurationList = 9BEB53BB2A61777600444D37 /* Build configuration list for PBXNativeTarget "Project-HelperTests" */;
			buildPhases = (
				FDAC82EEAFC07C79A04F4C00 /* [CP] Check Pods Manifest.lock */,
				9BEB53A02A61777600444D37 /* Sources */,
				9BEB53A12A61777600444D37 /* Frameworks */,
				9BEB53A22A61777600444D37 /* Resources */,
			);
			buildRules = (
			);
			dependencies = (
				9BEB53A62A61777600444D37 /* PBXTargetDependency */,
			);
			name = "Project-HelperTests";
			productName = "Project-HelperTests";
			productReference = 9BEB53A42A61777600444D37 /* Project-HelperTests.xctest */;
			productType = "com.apple.product-type.bundle.unit-test";
		};
		9BEB53AD2A61777600444D37 /* Project-HelperUITests */ = {
			isa = PBXNativeTarget;
			buildConfigurationList = 9BEB53BE2A61777600444D37 /* Build configuration list for PBXNativeTarget "Project-HelperUITests" */;
			buildPhases = (
				3FA196DC5ED19E7023A79D6D /* [CP] Check Pods Manifest.lock */,
				9BEB53AA2A61777600444D37 /* Sources */,
				9BEB53AB2A61777600444D37 /* Frameworks */,
				9BEB53AC2A61777600444D37 /* Resources */,
			);
			buildRules = (
			);
			dependencies = (
				9BEB53B02A61777600444D37 /* PBXTargetDependency */,
			);
			name = "Project-HelperUITests";
			productName = "Project-HelperUITests";
			productReference = 9BEB53AE2A61777600444D37 /* Project-HelperUITests.xctest */;
			productType = "com.apple.product-type.bundle.ui-testing";
		};
/* End PBXNativeTarget section */

/* Begin PBXProject section */
		9BEB538C2A61777400444D37 /* Project object */ = {
			isa = PBXProject;
			attributes = {
				BuildIndependentTargetsInParallel = 1;
				LastSwiftUpdateCheck = 1430;
				LastUpgradeCheck = 1430;
				TargetAttributes = {
					9BEB53932A61777400444D37 = {
						CreatedOnToolsVersion = 14.3;
					};
					9BEB53A32A61777600444D37 = {
						CreatedOnToolsVersion = 14.3;
						TestTargetID = 9BEB53932A61777400444D37;
					};
					9BEB53AD2A61777600444D37 = {
						CreatedOnToolsVersion = 14.3;
						TestTargetID = 9BEB53932A61777400444D37;
					};
				};
			};
			buildConfigurationList = 9BEB538F2A61777400444D37 /* Build configuration list for PBXProject "Project-Helper" */;
			compatibilityVersion = "Xcode 14.0";
			developmentRegion = en;
			hasScannedForEncodings = 0;
			knownRegions = (
				en,
				Base,
			);
			mainGroup = 9BEB538B2A61777400444D37;
			productRefGroup = 9BEB53952A61777400444D37 /* Products */;
			projectDirPath = "";
			projectRoot = "";
			targets = (
				9BEB53932A61777400444D37 /* Project-Helper */,
				9BEB53A32A61777600444D37 /* Project-HelperTests */,
				9BEB53AD2A61777600444D37 /* Project-HelperUITests */,
			);
		};
/* End PBXProject section */

/* Begin PBXResourcesBuildPhase section */
		9BEB53922A61777400444D37 /* Resources */ = {
			isa = PBXResourcesBuildPhase;
			buildActionMask = 2147483647;
			files = (
				9B63573B2A794BB000098F98 /* Rowdies-Bold.ttf in Resources */,
				9B63573D2A794BB000098F98 /* Rowdies-Regular.ttf in Resources */,
				9B6357372A794B9A00098F98 /* BlackHanSans-Regular.ttf in Resources */,
				9BEB539F2A61777600444D37 /* Preview Assets.xcassets in Resources */,
				9BEB539C2A61777600444D37 /* Assets.xcassets in Resources */,
				9B88A3AC2A718B450061A182 /* GoogleService-Info.plist in Resources */,
				9B63573C2A794BB000098F98 /* Rowdies-Light.ttf in Resources */,
			);
			runOnlyForDeploymentPostprocessing = 0;
		};
		9BEB53A22A61777600444D37 /* Resources */ = {
			isa = PBXResourcesBuildPhase;
			buildActionMask = 2147483647;
			files = (
			);
			runOnlyForDeploymentPostprocessing = 0;
		};
		9BEB53AC2A61777600444D37 /* Resources */ = {
			isa = PBXResourcesBuildPhase;
			buildActionMask = 2147483647;
			files = (
			);
			runOnlyForDeploymentPostprocessing = 0;
		};
/* End PBXResourcesBuildPhase section */

/* Begin PBXShellScriptBuildPhase section */
		3FA196DC5ED19E7023A79D6D /* [CP] Check Pods Manifest.lock */ = {
			isa = PBXShellScriptBuildPhase;
			buildActionMask = 2147483647;
			files = (
			);
			inputFileListPaths = (
			);
			inputPaths = (
				"${PODS_PODFILE_DIR_PATH}/Podfile.lock",
				"${PODS_ROOT}/Manifest.lock",
			);
			name = "[CP] Check Pods Manifest.lock";
			outputFileListPaths = (
			);
			outputPaths = (
				"$(DERIVED_FILE_DIR)/Pods-Project-HelperUITests-checkManifestLockResult.txt",
			);
			runOnlyForDeploymentPostprocessing = 0;
			shellPath = /bin/sh;
			shellScript = "diff \"${PODS_PODFILE_DIR_PATH}/Podfile.lock\" \"${PODS_ROOT}/Manifest.lock\" > /dev/null\nif [ $? != 0 ] ; then\n    # print error to STDERR\n    echo \"error: The sandbox is not in sync with the Podfile.lock. Run 'pod install' or update your CocoaPods installation.\" >&2\n    exit 1\nfi\n# This output is used by Xcode 'outputs' to avoid re-running this script phase.\necho \"SUCCESS\" > \"${SCRIPT_OUTPUT_FILE_0}\"\n";
			showEnvVarsInLog = 0;
		};
		AB4AAE827299BFFA010E3C44 /* [CP] Embed Pods Frameworks */ = {
			isa = PBXShellScriptBuildPhase;
			buildActionMask = 2147483647;
			files = (
			);
			inputFileListPaths = (
				"${PODS_ROOT}/Target Support Files/Pods-Project-Helper/Pods-Project-Helper-frameworks-${CONFIGURATION}-input-files.xcfilelist",
			);
			name = "[CP] Embed Pods Frameworks";
			outputFileListPaths = (
				"${PODS_ROOT}/Target Support Files/Pods-Project-Helper/Pods-Project-Helper-frameworks-${CONFIGURATION}-output-files.xcfilelist",
			);
			runOnlyForDeploymentPostprocessing = 0;
			shellPath = /bin/sh;
			shellScript = "\"${PODS_ROOT}/Target Support Files/Pods-Project-Helper/Pods-Project-Helper-frameworks.sh\"\n";
			showEnvVarsInLog = 0;
		};
		C40AB8894BBAEA4B7E8871D4 /* [CP] Check Pods Manifest.lock */ = {
			isa = PBXShellScriptBuildPhase;
			buildActionMask = 2147483647;
			files = (
			);
			inputFileListPaths = (
			);
			inputPaths = (
				"${PODS_PODFILE_DIR_PATH}/Podfile.lock",
				"${PODS_ROOT}/Manifest.lock",
			);
			name = "[CP] Check Pods Manifest.lock";
			outputFileListPaths = (
			);
			outputPaths = (
				"$(DERIVED_FILE_DIR)/Pods-Project-Helper-checkManifestLockResult.txt",
			);
			runOnlyForDeploymentPostprocessing = 0;
			shellPath = /bin/sh;
			shellScript = "diff \"${PODS_PODFILE_DIR_PATH}/Podfile.lock\" \"${PODS_ROOT}/Manifest.lock\" > /dev/null\nif [ $? != 0 ] ; then\n    # print error to STDERR\n    echo \"error: The sandbox is not in sync with the Podfile.lock. Run 'pod install' or update your CocoaPods installation.\" >&2\n    exit 1\nfi\n# This output is used by Xcode 'outputs' to avoid re-running this script phase.\necho \"SUCCESS\" > \"${SCRIPT_OUTPUT_FILE_0}\"\n";
			showEnvVarsInLog = 0;
		};
		FDAC82EEAFC07C79A04F4C00 /* [CP] Check Pods Manifest.lock */ = {
			isa = PBXShellScriptBuildPhase;
			buildActionMask = 2147483647;
			files = (
			);
			inputFileListPaths = (
			);
			inputPaths = (
				"${PODS_PODFILE_DIR_PATH}/Podfile.lock",
				"${PODS_ROOT}/Manifest.lock",
			);
			name = "[CP] Check Pods Manifest.lock";
			outputFileListPaths = (
			);
			outputPaths = (
				"$(DERIVED_FILE_DIR)/Pods-Project-HelperTests-checkManifestLockResult.txt",
			);
			runOnlyForDeploymentPostprocessing = 0;
			shellPath = /bin/sh;
			shellScript = "diff \"${PODS_PODFILE_DIR_PATH}/Podfile.lock\" \"${PODS_ROOT}/Manifest.lock\" > /dev/null\nif [ $? != 0 ] ; then\n    # print error to STDERR\n    echo \"error: The sandbox is not in sync with the Podfile.lock. Run 'pod install' or update your CocoaPods installation.\" >&2\n    exit 1\nfi\n# This output is used by Xcode 'outputs' to avoid re-running this script phase.\necho \"SUCCESS\" > \"${SCRIPT_OUTPUT_FILE_0}\"\n";
			showEnvVarsInLog = 0;
		};
/* End PBXShellScriptBuildPhase section */

/* Begin PBXSourcesBuildPhase section */
		9BEB53902A61777400444D37 /* Sources */ = {
			isa = PBXSourcesBuildPhase;
			buildActionMask = 2147483647;
			files = (
				9B58839F2A6CFE6200A450B8 /* EnterEmailScreen.swift in Sources */,
				9BEB539A2A61777400444D37 /* ContentView.swift in Sources */,
				9B30AA572A7369C200A8A1FD /* EmailScreenController.swift in Sources */,
				9BEB53982A61777400444D37 /* Project_HelperApp.swift in Sources */,
				9BC5A52E2A780DAC008B7EAA /* FSLoginOptionView.swift in Sources */,
				9BC5A52C2A780B8B008B7EAA /* FSTitleView.swift in Sources */,
				9B30AA5C2A73715100A8A1FD /* FirstScreen.swift in Sources */,
				9B09B3FD2A6EDBB4002B4DA3 /* QuaterCircle.swift in Sources */,
				9B88A3A32A6F74AB0061A182 /* GlobalExtension.swift in Sources */,
				9B09B3F82A6EBEF6002B4DA3 /* FoucsedBackground.swift in Sources */,
				9B58839D2A6CFE4300A450B8 /* MainLoginScreen.swift in Sources */,
				9BD70AD62A7ABC4300CA1D6E /* GlobalView.swift in Sources */,
				9B864F7E2A6AE857002E7C31 /* LoginManager.swift in Sources */,
			);
			runOnlyForDeploymentPostprocessing = 0;
		};
		9BEB53A02A61777600444D37 /* Sources */ = {
			isa = PBXSourcesBuildPhase;
			buildActionMask = 2147483647;
			files = (
				9BEB53A92A61777600444D37 /* Project_HelperTests.swift in Sources */,
			);
			runOnlyForDeploymentPostprocessing = 0;
		};
		9BEB53AA2A61777600444D37 /* Sources */ = {
			isa = PBXSourcesBuildPhase;
			buildActionMask = 2147483647;
			files = (
				9BEB53B52A61777600444D37 /* Project_HelperUITestsLaunchTests.swift in Sources */,
				9BEB53B32A61777600444D37 /* Project_HelperUITests.swift in Sources */,
			);
			runOnlyForDeploymentPostprocessing = 0;
		};
/* End PBXSourcesBuildPhase section */

/* Begin PBXTargetDependency section */
		9BEB53A62A61777600444D37 /* PBXTargetDependency */ = {
			isa = PBXTargetDependency;
			target = 9BEB53932A61777400444D37 /* Project-Helper */;
			targetProxy = 9BEB53A52A61777600444D37 /* PBXContainerItemProxy */;
		};
		9BEB53B02A61777600444D37 /* PBXTargetDependency */ = {
			isa = PBXTargetDependency;
			target = 9BEB53932A61777400444D37 /* Project-Helper */;
			targetProxy = 9BEB53AF2A61777600444D37 /* PBXContainerItemProxy */;
		};
/* End PBXTargetDependency section */

/* Begin XCBuildConfiguration section */
		9BEB53B62A61777600444D37 /* Debug */ = {
			isa = XCBuildConfiguration;
			buildSettings = {
				ALWAYS_SEARCH_USER_PATHS = NO;
				CLANG_ANALYZER_NONNULL = YES;
				CLANG_ANALYZER_NUMBER_OBJECT_CONVERSION = YES_AGGRESSIVE;
				CLANG_CXX_LANGUAGE_STANDARD = "gnu++20";
				CLANG_ENABLE_MODULES = YES;
				CLANG_ENABLE_OBJC_ARC = YES;
				CLANG_ENABLE_OBJC_WEAK = YES;
				CLANG_WARN_BLOCK_CAPTURE_AUTORELEASING = YES;
				CLANG_WARN_BOOL_CONVERSION = YES;
				CLANG_WARN_COMMA = YES;
				CLANG_WARN_CONSTANT_CONVERSION = YES;
				CLANG_WARN_DEPRECATED_OBJC_IMPLEMENTATIONS = YES;
				CLANG_WARN_DIRECT_OBJC_ISA_USAGE = YES_ERROR;
				CLANG_WARN_DOCUMENTATION_COMMENTS = YES;
				CLANG_WARN_EMPTY_BODY = YES;
				CLANG_WARN_ENUM_CONVERSION = YES;
				CLANG_WARN_INFINITE_RECURSION = YES;
				CLANG_WARN_INT_CONVERSION = YES;
				CLANG_WARN_NON_LITERAL_NULL_CONVERSION = YES;
				CLANG_WARN_OBJC_IMPLICIT_RETAIN_SELF = YES;
				CLANG_WARN_OBJC_LITERAL_CONVERSION = YES;
				CLANG_WARN_OBJC_ROOT_CLASS = YES_ERROR;
				CLANG_WARN_QUOTED_INCLUDE_IN_FRAMEWORK_HEADER = YES;
				CLANG_WARN_RANGE_LOOP_ANALYSIS = YES;
				CLANG_WARN_STRICT_PROTOTYPES = YES;
				CLANG_WARN_SUSPICIOUS_MOVE = YES;
				CLANG_WARN_UNGUARDED_AVAILABILITY = YES_AGGRESSIVE;
				CLANG_WARN_UNREACHABLE_CODE = YES;
				CLANG_WARN__DUPLICATE_METHOD_MATCH = YES;
				COPY_PHASE_STRIP = NO;
				DEBUG_INFORMATION_FORMAT = dwarf;
				ENABLE_STRICT_OBJC_MSGSEND = YES;
				ENABLE_TESTABILITY = YES;
				GCC_C_LANGUAGE_STANDARD = gnu11;
				GCC_DYNAMIC_NO_PIC = NO;
				GCC_NO_COMMON_BLOCKS = YES;
				GCC_OPTIMIZATION_LEVEL = 0;
				GCC_PREPROCESSOR_DEFINITIONS = (
					"DEBUG=1",
					"$(inherited)",
				);
				GCC_WARN_64_TO_32_BIT_CONVERSION = YES;
				GCC_WARN_ABOUT_RETURN_TYPE = YES_ERROR;
				GCC_WARN_UNDECLARED_SELECTOR = YES;
				GCC_WARN_UNINITIALIZED_AUTOS = YES_AGGRESSIVE;
				GCC_WARN_UNUSED_FUNCTION = YES;
				GCC_WARN_UNUSED_VARIABLE = YES;
				IPHONEOS_DEPLOYMENT_TARGET = 16.4;
				MTL_ENABLE_DEBUG_INFO = INCLUDE_SOURCE;
				MTL_FAST_MATH = YES;
				ONLY_ACTIVE_ARCH = YES;
				SDKROOT = iphoneos;
				SWIFT_ACTIVE_COMPILATION_CONDITIONS = DEBUG;
				SWIFT_OPTIMIZATION_LEVEL = "-Onone";
			};
			name = Debug;
		};
		9BEB53B72A61777600444D37 /* Release */ = {
			isa = XCBuildConfiguration;
			buildSettings = {
				ALWAYS_SEARCH_USER_PATHS = NO;
				CLANG_ANALYZER_NONNULL = YES;
				CLANG_ANALYZER_NUMBER_OBJECT_CONVERSION = YES_AGGRESSIVE;
				CLANG_CXX_LANGUAGE_STANDARD = "gnu++20";
				CLANG_ENABLE_MODULES = YES;
				CLANG_ENABLE_OBJC_ARC = YES;
				CLANG_ENABLE_OBJC_WEAK = YES;
				CLANG_WARN_BLOCK_CAPTURE_AUTORELEASING = YES;
				CLANG_WARN_BOOL_CONVERSION = YES;
				CLANG_WARN_COMMA = YES;
				CLANG_WARN_CONSTANT_CONVERSION = YES;
				CLANG_WARN_DEPRECATED_OBJC_IMPLEMENTATIONS = YES;
				CLANG_WARN_DIRECT_OBJC_ISA_USAGE = YES_ERROR;
				CLANG_WARN_DOCUMENTATION_COMMENTS = YES;
				CLANG_WARN_EMPTY_BODY = YES;
				CLANG_WARN_ENUM_CONVERSION = YES;
				CLANG_WARN_INFINITE_RECURSION = YES;
				CLANG_WARN_INT_CONVERSION = YES;
				CLANG_WARN_NON_LITERAL_NULL_CONVERSION = YES;
				CLANG_WARN_OBJC_IMPLICIT_RETAIN_SELF = YES;
				CLANG_WARN_OBJC_LITERAL_CONVERSION = YES;
				CLANG_WARN_OBJC_ROOT_CLASS = YES_ERROR;
				CLANG_WARN_QUOTED_INCLUDE_IN_FRAMEWORK_HEADER = YES;
				CLANG_WARN_RANGE_LOOP_ANALYSIS = YES;
				CLANG_WARN_STRICT_PROTOTYPES = YES;
				CLANG_WARN_SUSPICIOUS_MOVE = YES;
				CLANG_WARN_UNGUARDED_AVAILABILITY = YES_AGGRESSIVE;
				CLANG_WARN_UNREACHABLE_CODE = YES;
				CLANG_WARN__DUPLICATE_METHOD_MATCH = YES;
				COPY_PHASE_STRIP = NO;
				DEBUG_INFORMATION_FORMAT = "dwarf-with-dsym";
				ENABLE_NS_ASSERTIONS = NO;
				ENABLE_STRICT_OBJC_MSGSEND = YES;
				GCC_C_LANGUAGE_STANDARD = gnu11;
				GCC_NO_COMMON_BLOCKS = YES;
				GCC_WARN_64_TO_32_BIT_CONVERSION = YES;
				GCC_WARN_ABOUT_RETURN_TYPE = YES_ERROR;
				GCC_WARN_UNDECLARED_SELECTOR = YES;
				GCC_WARN_UNINITIALIZED_AUTOS = YES_AGGRESSIVE;
				GCC_WARN_UNUSED_FUNCTION = YES;
				GCC_WARN_UNUSED_VARIABLE = YES;
				IPHONEOS_DEPLOYMENT_TARGET = 16.4;
				MTL_ENABLE_DEBUG_INFO = NO;
				MTL_FAST_MATH = YES;
				SDKROOT = iphoneos;
				SWIFT_COMPILATION_MODE = wholemodule;
				SWIFT_OPTIMIZATION_LEVEL = "-O";
				VALIDATE_PRODUCT = YES;
			};
			name = Release;
		};
		9BEB53B92A61777600444D37 /* Debug */ = {
			isa = XCBuildConfiguration;
			baseConfigurationReference = 6D12BF9E070D271F80F83AF8 /* Pods-Project-Helper.debug.xcconfig */;
			buildSettings = {
				ASSETCATALOG_COMPILER_APPICON_NAME = AppIcon;
				ASSETCATALOG_COMPILER_GLOBAL_ACCENT_COLOR_NAME = AccentColor;
				CODE_SIGN_ENTITLEMENTS = "Project-Helper/Project-Helper.entitlements";
				CODE_SIGN_STYLE = Automatic;
				CURRENT_PROJECT_VERSION = 1;
				DEVELOPMENT_ASSET_PATHS = "\"Project-Helper/Preview Content\"";
				DEVELOPMENT_TEAM = XHRN62S9RK;
				ENABLE_PREVIEWS = YES;
				GENERATE_INFOPLIST_FILE = YES;
				INFOPLIST_FILE = "Project-Helper/Info.plist";
				INFOPLIST_KEY_UIApplicationSceneManifest_Generation = YES;
				INFOPLIST_KEY_UIApplicationSupportsIndirectInputEvents = YES;
				INFOPLIST_KEY_UILaunchScreen_Generation = YES;
				INFOPLIST_KEY_UISupportedInterfaceOrientations_iPad = "UIInterfaceOrientationPortrait UIInterfaceOrientationPortraitUpsideDown UIInterfaceOrientationLandscapeLeft UIInterfaceOrientationLandscapeRight";
				INFOPLIST_KEY_UISupportedInterfaceOrientations_iPhone = "UIInterfaceOrientationPortrait UIInterfaceOrientationLandscapeLeft UIInterfaceOrientationLandscapeRight";
				LD_RUNPATH_SEARCH_PATHS = (
					"$(inherited)",
					"@executable_path/Frameworks",
				);
				MARKETING_VERSION = 1.0;
				PRODUCT_BUNDLE_IDENTIFIER = "choijunyeong.Project-Helper";
				PRODUCT_NAME = "$(TARGET_NAME)";
				SWIFT_EMIT_LOC_STRINGS = YES;
				SWIFT_VERSION = 5.0;
				TARGETED_DEVICE_FAMILY = "1,2";
			};
			name = Debug;
		};
		9BEB53BA2A61777600444D37 /* Release */ = {
			isa = XCBuildConfiguration;
			baseConfigurationReference = 6B0AC59C79890FCC13C11FB6 /* Pods-Project-Helper.release.xcconfig */;
			buildSettings = {
				ASSETCATALOG_COMPILER_APPICON_NAME = AppIcon;
				ASSETCATALOG_COMPILER_GLOBAL_ACCENT_COLOR_NAME = AccentColor;
				CODE_SIGN_ENTITLEMENTS = "Project-Helper/Project-Helper.entitlements";
				CODE_SIGN_STYLE = Automatic;
				CURRENT_PROJECT_VERSION = 1;
				DEVELOPMENT_ASSET_PATHS = "\"Project-Helper/Preview Content\"";
				DEVELOPMENT_TEAM = XHRN62S9RK;
				ENABLE_PREVIEWS = YES;
				GENERATE_INFOPLIST_FILE = YES;
				INFOPLIST_FILE = "Project-Helper/Info.plist";
				INFOPLIST_KEY_UIApplicationSceneManifest_Generation = YES;
				INFOPLIST_KEY_UIApplicationSupportsIndirectInputEvents = YES;
				INFOPLIST_KEY_UILaunchScreen_Generation = YES;
				INFOPLIST_KEY_UISupportedInterfaceOrientations_iPad = "UIInterfaceOrientationPortrait UIInterfaceOrientationPortraitUpsideDown UIInterfaceOrientationLandscapeLeft UIInterfaceOrientationLandscapeRight";
				INFOPLIST_KEY_UISupportedInterfaceOrientations_iPhone = "UIInterfaceOrientationPortrait UIInterfaceOrientationLandscapeLeft UIInterfaceOrientationLandscapeRight";
				LD_RUNPATH_SEARCH_PATHS = (
					"$(inherited)",
					"@executable_path/Frameworks",
				);
				MARKETING_VERSION = 1.0;
				PRODUCT_BUNDLE_IDENTIFIER = "choijunyeong.Project-Helper";
				PRODUCT_NAME = "$(TARGET_NAME)";
				SWIFT_EMIT_LOC_STRINGS = YES;
				SWIFT_VERSION = 5.0;
				TARGETED_DEVICE_FAMILY = "1,2";
			};
			name = Release;
		};
		9BEB53BC2A61777600444D37 /* Debug */ = {
			isa = XCBuildConfiguration;
			baseConfigurationReference = D0E1ECB828B98449590B15D1 /* Pods-Project-HelperTests.debug.xcconfig */;
			buildSettings = {
				ALWAYS_EMBED_SWIFT_STANDARD_LIBRARIES = YES;
				BUNDLE_LOADER = "$(TEST_HOST)";
				CODE_SIGN_STYLE = Automatic;
				CURRENT_PROJECT_VERSION = 1;
				DEVELOPMENT_TEAM = XHRN62S9RK;
				GENERATE_INFOPLIST_FILE = YES;
				IPHONEOS_DEPLOYMENT_TARGET = 16.4;
				MARKETING_VERSION = 1.0;
				PRODUCT_BUNDLE_IDENTIFIER = "choijunyeong.Project-HelperTests";
				PRODUCT_NAME = "$(TARGET_NAME)";
				SWIFT_EMIT_LOC_STRINGS = NO;
				SWIFT_VERSION = 5.0;
				TARGETED_DEVICE_FAMILY = "1,2";
				TEST_HOST = "$(BUILT_PRODUCTS_DIR)/Project-Helper.app/$(BUNDLE_EXECUTABLE_FOLDER_PATH)/Project-Helper";
			};
			name = Debug;
		};
		9BEB53BD2A61777600444D37 /* Release */ = {
			isa = XCBuildConfiguration;
			baseConfigurationReference = 6972A8C1BC9C3A200AD6D0FC /* Pods-Project-HelperTests.release.xcconfig */;
			buildSettings = {
				ALWAYS_EMBED_SWIFT_STANDARD_LIBRARIES = YES;
				BUNDLE_LOADER = "$(TEST_HOST)";
				CODE_SIGN_STYLE = Automatic;
				CURRENT_PROJECT_VERSION = 1;
				DEVELOPMENT_TEAM = XHRN62S9RK;
				GENERATE_INFOPLIST_FILE = YES;
				IPHONEOS_DEPLOYMENT_TARGET = 16.4;
				MARKETING_VERSION = 1.0;
				PRODUCT_BUNDLE_IDENTIFIER = "choijunyeong.Project-HelperTests";
				PRODUCT_NAME = "$(TARGET_NAME)";
				SWIFT_EMIT_LOC_STRINGS = NO;
				SWIFT_VERSION = 5.0;
				TARGETED_DEVICE_FAMILY = "1,2";
				TEST_HOST = "$(BUILT_PRODUCTS_DIR)/Project-Helper.app/$(BUNDLE_EXECUTABLE_FOLDER_PATH)/Project-Helper";
			};
			name = Release;
		};
		9BEB53BF2A61777600444D37 /* Debug */ = {
			isa = XCBuildConfiguration;
			baseConfigurationReference = 8A1CB5D3039139C7CC4CED15 /* Pods-Project-HelperUITests.debug.xcconfig */;
			buildSettings = {
				ALWAYS_EMBED_SWIFT_STANDARD_LIBRARIES = YES;
				CODE_SIGN_STYLE = Automatic;
				CURRENT_PROJECT_VERSION = 1;
				DEVELOPMENT_TEAM = XHRN62S9RK;
				GENERATE_INFOPLIST_FILE = YES;
				MARKETING_VERSION = 1.0;
				PRODUCT_BUNDLE_IDENTIFIER = "choijunyeong.Project-HelperUITests";
				PRODUCT_NAME = "$(TARGET_NAME)";
				SWIFT_EMIT_LOC_STRINGS = NO;
				SWIFT_VERSION = 5.0;
				TARGETED_DEVICE_FAMILY = "1,2";
				TEST_TARGET_NAME = "Project-Helper";
			};
			name = Debug;
		};
		9BEB53C02A61777600444D37 /* Release */ = {
			isa = XCBuildConfiguration;
			baseConfigurationReference = FA6E7A6027F9689227171C31 /* Pods-Project-HelperUITests.release.xcconfig */;
			buildSettings = {
				ALWAYS_EMBED_SWIFT_STANDARD_LIBRARIES = YES;
				CODE_SIGN_STYLE = Automatic;
				CURRENT_PROJECT_VERSION = 1;
				DEVELOPMENT_TEAM = XHRN62S9RK;
				GENERATE_INFOPLIST_FILE = YES;
				MARKETING_VERSION = 1.0;
				PRODUCT_BUNDLE_IDENTIFIER = "choijunyeong.Project-HelperUITests";
				PRODUCT_NAME = "$(TARGET_NAME)";
				SWIFT_EMIT_LOC_STRINGS = NO;
				SWIFT_VERSION = 5.0;
				TARGETED_DEVICE_FAMILY = "1,2";
				TEST_TARGET_NAME = "Project-Helper";
			};
			name = Release;
		};
/* End XCBuildConfiguration section */

/* Begin XCConfigurationList section */
		9BEB538F2A61777400444D37 /* Build configuration list for PBXProject "Project-Helper" */ = {
			isa = XCConfigurationList;
			buildConfigurations = (
				9BEB53B62A61777600444D37 /* Debug */,
				9BEB53B72A61777600444D37 /* Release */,
			);
			defaultConfigurationIsVisible = 0;
			defaultConfigurationName = Release;
		};
		9BEB53B82A61777600444D37 /* Build configuration list for PBXNativeTarget "Project-Helper" */ = {
			isa = XCConfigurationList;
			buildConfigurations = (
				9BEB53B92A61777600444D37 /* Debug */,
				9BEB53BA2A61777600444D37 /* Release */,
			);
			defaultConfigurationIsVisible = 0;
			defaultConfigurationName = Release;
		};
		9BEB53BB2A61777600444D37 /* Build configuration list for PBXNativeTarget "Project-HelperTests" */ = {
			isa = XCConfigurationList;
			buildConfigurations = (
				9BEB53BC2A61777600444D37 /* Debug */,
				9BEB53BD2A61777600444D37 /* Release */,
			);
			defaultConfigurationIsVisible = 0;
			defaultConfigurationName = Release;
		};
		9BEB53BE2A61777600444D37 /* Build configuration list for PBXNativeTarget "Project-HelperUITests" */ = {
			isa = XCConfigurationList;
			buildConfigurations = (
				9BEB53BF2A61777600444D37 /* Debug */,
				9BEB53C02A61777600444D37 /* Release */,
			);
			defaultConfigurationIsVisible = 0;
			defaultConfigurationName = Release;
		};
/* End XCConfigurationList section */
	};
	rootObject = 9BEB538C2A61777400444D37 /* Project object */;
}
